
Microsoft Visual Studio Solution File, Format Version 12.00
# Visual Studio Version 16
VisualStudioVersion = 16.0.29409.12
MinimumVisualStudioVersion = 10.0.40219.1
Project("{FAE04EC0-301F-11D3-BF4B-00C04F79EFBC}") = "Sortee 10 numeros", "Sortee 10 numeros.csproj", "{C362BF0B-BD5A-43B4-AF53-50B3E416EF7F}"
EndProject
Global
	GlobalSection(SolutionConfigurationPlatforms) = preSolution
		Debug|Any CPU = Debug|Any CPU
		Release|Any CPU = Release|Any CPU
	EndGlobalSection
	GlobalSection(ProjectConfigurationPlatforms) = postSolution
		{C362BF0B-BD5A-43B4-AF53-50B3E416EF7F}.Debug|Any CPU.ActiveCfg = Debug|Any CPU
		{C362BF0B-BD5A-43B4-AF53-50B3E416EF7F}.Debug|Any CPU.Build.0 = Debug|Any CPU
		{C362BF0B-BD5A-43B4-AF53-50B3E416EF7F}.Release|Any CPU.ActiveCfg = Release|Any CPU
		{C362BF0B-BD5A-43B4-AF53-50B3E416EF7F}.Release|Any CPU.Build.0 = Release|Any CPU
	EndGlobalSection
	GlobalSection(SolutionProperties) = preSolution
		HideSolutionNode = FALSE
	EndGlobalSection
	GlobalSection(ExtensibilityGlobals) = postSolution
		SolutionGuid = {040B443F-3C58-477E-AEAB-18E78AD2E131}
	EndGlobalSection
EndGlobal
